
Microsoft Visual Studio Solution File, Format Version 12.00
# Visual Studio Version 16
VisualStudioVersion = 16.0.31424.327
MinimumVisualStudioVersion = 10.0.40219.1
Project("{FAE04EC0-301F-11D3-BF4B-00C04F79EFBC}") = "2021-09-08-02", "2021-09-08-02\2021-09-08-02.csproj", "{39E3A26E-0E7C-488C-A062-14875A6E8C13}"
EndProject
Global
	GlobalSection(SolutionConfigurationPlatforms) = preSolution
		Debug|Any CPU = Debug|Any CPU
		Release|Any CPU = Release|Any CPU
	EndGlobalSection
	GlobalSection(ProjectConfigurationPlatforms) = postSolution
		{39E3A26E-0E7C-488C-A062-14875A6E8C13}.Debug|Any CPU.ActiveCfg = Debug|Any CPU
		{39E3A26E-0E7C-488C-A062-14875A6E8C13}.Debug|Any CPU.Build.0 = Debug|Any CPU
		{39E3A26E-0E7C-488C-A062-14875A6E8C13}.Release|Any CPU.ActiveCfg = Release|Any CPU
		{39E3A26E-0E7C-488C-A062-14875A6E8C13}.Release|Any CPU.Build.0 = Release|Any CPU
	EndGlobalSection
	GlobalSection(SolutionProperties) = preSolution
		HideSolutionNode = FALSE
	EndGlobalSection
	GlobalSection(ExtensibilityGlobals) = postSolution
		SolutionGuid = {0BD2595B-587D-4AE1-8A10-40F9C6BB2DC3}
	EndGlobalSection
EndGlobal
