
Microsoft Visual Studio Solution File, Format Version 12.00
# Visual Studio Version 16
VisualStudioVersion = 16.0.31424.327
MinimumVisualStudioVersion = 10.0.40219.1
Project("{FAE04EC0-301F-11D3-BF4B-00C04F79EFBC}") = "Exercicio_aula_18_-_20210908", "Exercicio_aula_18_-_20210908\Exercicio_aula_18_-_20210908.csproj", "{C021A03B-1853-4460-99A0-8026445501F6}"
EndProject
Global
	GlobalSection(SolutionConfigurationPlatforms) = preSolution
		Debug|Any CPU = Debug|Any CPU
		Release|Any CPU = Release|Any CPU
	EndGlobalSection
	GlobalSection(ProjectConfigurationPlatforms) = postSolution
		{C021A03B-1853-4460-99A0-8026445501F6}.Debug|Any CPU.ActiveCfg = Debug|Any CPU
		{C021A03B-1853-4460-99A0-8026445501F6}.Debug|Any CPU.Build.0 = Debug|Any CPU
		{C021A03B-1853-4460-99A0-8026445501F6}.Release|Any CPU.ActiveCfg = Release|Any CPU
		{C021A03B-1853-4460-99A0-8026445501F6}.Release|Any CPU.Build.0 = Release|Any CPU
	EndGlobalSection
	GlobalSection(SolutionProperties) = preSolution
		HideSolutionNode = FALSE
	EndGlobalSection
	GlobalSection(ExtensibilityGlobals) = postSolution
		SolutionGuid = {46563D03-7DC6-427A-89AA-B3B2E632699D}
	EndGlobalSection
EndGlobal
