
Microsoft Visual Studio Solution File, Format Version 12.00
# Visual Studio Version 16
VisualStudioVersion = 16.0.31424.327
MinimumVisualStudioVersion = 10.0.40219.1
Project("{FAE04EC0-301F-11D3-BF4B-00C04F79EFBC}") = "1-PrimeiroProjeto", "1-PrimeiroProjeto\1-PrimeiroProjeto.csproj", "{1954C6E6-128C-4454-A8FD-DCC77F868ECB}"
EndProject
Project("{FAE04EC0-301F-11D3-BF4B-00C04F79EFBC}") = "7-Condicionais", "7-Condicionais\7-Condicionais.csproj", "{B63E8723-60BC-4DA1-AC0A-FD70FE6D17C2}"
EndProject
Project("{FAE04EC0-301F-11D3-BF4B-00C04F79EFBC}") = "8-CondicionaisDois", "8-CondicionaisDois\8-CondicionaisDois.csproj", "{C41CCE9D-4BB4-4CBA-942D-E65B0038AC8B}"
EndProject
Project("{FAE04EC0-301F-11D3-BF4B-00C04F79EFBC}") = "9-Escopo", "9-Escopo\9-Escopo.csproj", "{BAC2AFD0-A7A2-439D-A2B1-21AD35F889F0}"
EndProject
Global
	GlobalSection(SolutionConfigurationPlatforms) = preSolution
		Debug|Any CPU = Debug|Any CPU
		Release|Any CPU = Release|Any CPU
	EndGlobalSection
	GlobalSection(ProjectConfigurationPlatforms) = postSolution
		{1954C6E6-128C-4454-A8FD-DCC77F868ECB}.Debug|Any CPU.ActiveCfg = Debug|Any CPU
		{1954C6E6-128C-4454-A8FD-DCC77F868ECB}.Debug|Any CPU.Build.0 = Debug|Any CPU
		{1954C6E6-128C-4454-A8FD-DCC77F868ECB}.Release|Any CPU.ActiveCfg = Release|Any CPU
		{1954C6E6-128C-4454-A8FD-DCC77F868ECB}.Release|Any CPU.Build.0 = Release|Any CPU
		{B63E8723-60BC-4DA1-AC0A-FD70FE6D17C2}.Debug|Any CPU.ActiveCfg = Debug|Any CPU
		{B63E8723-60BC-4DA1-AC0A-FD70FE6D17C2}.Debug|Any CPU.Build.0 = Debug|Any CPU
		{B63E8723-60BC-4DA1-AC0A-FD70FE6D17C2}.Release|Any CPU.ActiveCfg = Release|Any CPU
		{B63E8723-60BC-4DA1-AC0A-FD70FE6D17C2}.Release|Any CPU.Build.0 = Release|Any CPU
		{C41CCE9D-4BB4-4CBA-942D-E65B0038AC8B}.Debug|Any CPU.ActiveCfg = Debug|Any CPU
		{C41CCE9D-4BB4-4CBA-942D-E65B0038AC8B}.Debug|Any CPU.Build.0 = Debug|Any CPU
		{C41CCE9D-4BB4-4CBA-942D-E65B0038AC8B}.Release|Any CPU.ActiveCfg = Release|Any CPU
		{C41CCE9D-4BB4-4CBA-942D-E65B0038AC8B}.Release|Any CPU.Build.0 = Release|Any CPU
		{BAC2AFD0-A7A2-439D-A2B1-21AD35F889F0}.Debug|Any CPU.ActiveCfg = Debug|Any CPU
		{BAC2AFD0-A7A2-439D-A2B1-21AD35F889F0}.Debug|Any CPU.Build.0 = Debug|Any CPU
		{BAC2AFD0-A7A2-439D-A2B1-21AD35F889F0}.Release|Any CPU.ActiveCfg = Release|Any CPU
		{BAC2AFD0-A7A2-439D-A2B1-21AD35F889F0}.Release|Any CPU.Build.0 = Release|Any CPU
	EndGlobalSection
	GlobalSection(SolutionProperties) = preSolution
		HideSolutionNode = FALSE
	EndGlobalSection
	GlobalSection(ExtensibilityGlobals) = postSolution
		SolutionGuid = {5955E88B-AB1C-45C2-9DB4-FB2424B4AC0A}
	EndGlobalSection
EndGlobal
