
Microsoft Visual Studio Solution File, Format Version 12.00
# Visual Studio Version 16
VisualStudioVersion = 16.0.31424.327
MinimumVisualStudioVersion = 10.0.40219.1
Project("{FAE04EC0-301F-11D3-BF4B-00C04F79EFBC}") = "ByteBank", "ByteBank\ByteBank.csproj", "{FF3A8D52-DE76-4E98-A0A1-89BC8C4917BD}"
EndProject
Global
	GlobalSection(SolutionConfigurationPlatforms) = preSolution
		Debug|Any CPU = Debug|Any CPU
		Release|Any CPU = Release|Any CPU
	EndGlobalSection
	GlobalSection(ProjectConfigurationPlatforms) = postSolution
		{FF3A8D52-DE76-4E98-A0A1-89BC8C4917BD}.Debug|Any CPU.ActiveCfg = Debug|Any CPU
		{FF3A8D52-DE76-4E98-A0A1-89BC8C4917BD}.Debug|Any CPU.Build.0 = Debug|Any CPU
		{FF3A8D52-DE76-4E98-A0A1-89BC8C4917BD}.Release|Any CPU.ActiveCfg = Release|Any CPU
		{FF3A8D52-DE76-4E98-A0A1-89BC8C4917BD}.Release|Any CPU.Build.0 = Release|Any CPU
	EndGlobalSection
	GlobalSection(SolutionProperties) = preSolution
		HideSolutionNode = FALSE
	EndGlobalSection
	GlobalSection(ExtensibilityGlobals) = postSolution
		SolutionGuid = {D5A61DD9-3D73-4C10-A991-62F880E55E7A}
	EndGlobalSection
EndGlobal
