
Microsoft Visual Studio Solution File, Format Version 12.00
# Visual Studio Version 16
VisualStudioVersion = 16.0.31424.327
MinimumVisualStudioVersion = 10.0.40219.1
Project("{FAE04EC0-301F-11D3-BF4B-00C04F79EFBC}") = "ConsoleApp4", "ConsoleApp4\ConsoleApp4.csproj", "{867692DD-3634-4E9D-A1CE-1E07CA009586}"
EndProject
Global
	GlobalSection(SolutionConfigurationPlatforms) = preSolution
		Debug|Any CPU = Debug|Any CPU
		Release|Any CPU = Release|Any CPU
	EndGlobalSection
	GlobalSection(ProjectConfigurationPlatforms) = postSolution
		{867692DD-3634-4E9D-A1CE-1E07CA009586}.Debug|Any CPU.ActiveCfg = Debug|Any CPU
		{867692DD-3634-4E9D-A1CE-1E07CA009586}.Debug|Any CPU.Build.0 = Debug|Any CPU
		{867692DD-3634-4E9D-A1CE-1E07CA009586}.Release|Any CPU.ActiveCfg = Release|Any CPU
		{867692DD-3634-4E9D-A1CE-1E07CA009586}.Release|Any CPU.Build.0 = Release|Any CPU
	EndGlobalSection
	GlobalSection(SolutionProperties) = preSolution
		HideSolutionNode = FALSE
	EndGlobalSection
	GlobalSection(ExtensibilityGlobals) = postSolution
		SolutionGuid = {3D06F7EC-C155-4300-ACAF-03BCB6142A44}
	EndGlobalSection
EndGlobal
